<Solution>
  <Folder Name="/Test/">
    <Project Path="Test/Testing.Host/Testing.Host.csproj" />
    <Project Path="Test/Testing.Plugin/Testing.Plugin.csproj" />
    <Project Path="Test/Testing.Sdk/Testing.Sdk.csproj" />
  </Folder>
  <Project Path="SimplePlugin.Abstractions/SimplePlugin.Abstractions.csproj" />
  <Project Path="SimplePlugin/SimplePlugin.csproj" />
  
</Solution>
